{
  "name": "axona-bridge",
  "version": "2.20.0",
  "lockfileVersion": 3,
  "requires": true,
  "packages": {
    "": {
      "name": "axona-bridge",
      "version": "2.20.0",
      "license": "MIT",
      "dependencies": {
        "@axona/protocol": "github:axona-net/axona-protocol#v2.39.0",
        "ws": "^8.18.0"
      },
      "engines": {
        "node": ">=20.0.0"
      }
    },
    "node_modules/@axona/protocol": {
      "version": "2.39.0",
      "resolved": "git+ssh://git@github.com/axona-net/axona-protocol.git#15f7c561b3c955e89f1a833c8a6c357b1ebaff98",
      "license": "MIT",
      "engines": {
        "node": ">=20"
      }
    },
    "node_modules/ws": {
      "version": "8.21.0",
      "license": "MIT",
      "engines": {
        "node": ">=10.0.0"
      },
      "peerDependencies": {
        "bufferutil": "^4.0.1",
        "utf-8-validate": ">=5.0.2"
      },
      "peerDependenciesMeta": {
        "bufferutil": {
          "optional": true
        },
        "utf-8-validate": {
          "optional": true
        }
      }
    }
  }
}
