{
  "name": "axona-bridge",
  "version": "2.21.0",
  "lockfileVersion": 3,
  "requires": true,
  "packages": {
    "": {
      "name": "axona-bridge",
      "version": "2.21.0",
      "license": "MIT",
      "dependencies": {
        "@axona/protocol": "github:axona-net/axona-protocol#v2.40.1",
        "ws": "^8.18.0"
      },
      "engines": {
        "node": ">=20.0.0"
      }
    },
    "node_modules/@axona/protocol": {
      "version": "2.40.1",
      "resolved": "git+ssh://git@github.com/axona-net/axona-protocol.git#b1ea1569f9e0d3d975ae9d2ae2d328e118b5db3a",
      "license": "MIT",
      "engines": {
        "node": ">=20"
      }
    },
    "node_modules/ws": {
      "version": "8.21.0",
      "license": "MIT",
      "engines": {
        "node": ">=10.0.0"
      },
      "peerDependencies": {
        "bufferutil": "^4.0.1",
        "utf-8-validate": ">=5.0.2"
      },
      "peerDependenciesMeta": {
        "bufferutil": {
          "optional": true
        },
        "utf-8-validate": {
          "optional": true
        }
      }
    }
  }
}
