{
  "name": "axona-bridge",
  "version": "0.6.0",
  "lockfileVersion": 3,
  "requires": true,
  "packages": {
    "": {
      "name": "axona-bridge",
      "version": "0.6.0",
      "license": "MIT",
      "dependencies": {
        "@axona/protocol": "github:axona-net/axona-protocol#afd6dd6",
        "ws": "^8.18.0"
      },
      "engines": {
        "node": ">=20.0.0"
      }
    },
    "node_modules/@axona/protocol": {
      "version": "1.0.0-beta.0",
      "resolved": "git+ssh://git@github.com/axona-net/axona-protocol.git#afd6dd613ed946e375278d6431a7fc2269db2994",
      "license": "MIT",
      "engines": {
        "node": ">=20"
      }
    },
    "node_modules/ws": {
      "version": "8.20.1",
      "resolved": "https://registry.npmjs.org/ws/-/ws-8.20.1.tgz",
      "integrity": "sha512-It4dO0K5v//JtTXuPkfEOaI3uUN87iYPnqo/ZzqCoG3g8uhA66QUMs/SrM0YK7/NAu+r4LMh/9dq2A7k+rHs+w==",
      "license": "MIT",
      "engines": {
        "node": ">=10.0.0"
      },
      "peerDependencies": {
        "bufferutil": "^4.0.1",
        "utf-8-validate": ">=5.0.2"
      },
      "peerDependenciesMeta": {
        "bufferutil": {
          "optional": true
        },
        "utf-8-validate": {
          "optional": true
        }
      }
    }
  }
}
